
Microsoft Visual Studio Solution File, Format Version 12.00
# Visual Studio 15
VisualStudioVersion = 15.0.26124.0
MinimumVisualStudioVersion = 15.0.26124.0
Project("{FAE04EC0-301F-11D3-BF4B-00C04F79EFBC}") = "web1", "web1\web1.csproj", "{E200DBD4-52B5-47B5-BD61-CA6282BB8215}"
EndProject
Project("{FAE04EC0-301F-11D3-BF4B-00C04F79EFBC}") = "web2", "web2\web2.csproj", "{4765813C-13E0-4566-B4B7-EA66DF2AD17A}"
EndProject
Project("{FAE04EC0-301F-11D3-BF4B-00C04F79EFBC}") = "web3", "web3\web3.csproj", "{851143AF-1435-482C-8872-B71FAE13DC2C}"
EndProject
Project("{FAE04EC0-301F-11D3-BF4B-00C04F79EFBC}") = "web4", "web4\web4.csproj", "{67DD743B-9F2D-45B2-B990-77E0B50D0FE9}"
EndProject
Project("{FAE04EC0-301F-11D3-BF4B-00C04F79EFBC}") = "web5", "web5\web5.csproj", "{502B9D0F-5FE8-406B-BE21-B410D37B2B2C}"
EndProject
Project("{FAE04EC0-301F-11D3-BF4B-00C04F79EFBC}") = "web6", "web6\web6.csproj", "{EB7BF087-86CB-475C-B0B4-147E13CBEB81}"
EndProject
Global
	GlobalSection(SolutionConfigurationPlatforms) = preSolution
		Debug|Any CPU = Debug|Any CPU
		Debug|x64 = Debug|x64
		Debug|x86 = Debug|x86
		Release|Any CPU = Release|Any CPU
		Release|x64 = Release|x64
		Release|x86 = Release|x86
	EndGlobalSection
	GlobalSection(SolutionProperties) = preSolution
		HideSolutionNode = FALSE
	EndGlobalSection
	GlobalSection(ProjectConfigurationPlatforms) = postSolution
		{E200DBD4-52B5-47B5-BD61-CA6282BB8215}.Debug|Any CPU.ActiveCfg = Debug|Any CPU
		{E200DBD4-52B5-47B5-BD61-CA6282BB8215}.Debug|Any CPU.Build.0 = Debug|Any CPU
		{E200DBD4-52B5-47B5-BD61-CA6282BB8215}.Debug|x64.ActiveCfg = Debug|Any CPU
		{E200DBD4-52B5-47B5-BD61-CA6282BB8215}.Debug|x64.Build.0 = Debug|Any CPU
		{E200DBD4-52B5-47B5-BD61-CA6282BB8215}.Debug|x86.ActiveCfg = Debug|Any CPU
		{E200DBD4-52B5-47B5-BD61-CA6282BB8215}.Debug|x86.Build.0 = Debug|Any CPU
		{E200DBD4-52B5-47B5-BD61-CA6282BB8215}.Release|Any CPU.ActiveCfg = Release|Any CPU
		{E200DBD4-52B5-47B5-BD61-CA6282BB8215}.Release|Any CPU.Build.0 = Release|Any CPU
		{E200DBD4-52B5-47B5-BD61-CA6282BB8215}.Release|x64.ActiveCfg = Release|Any CPU
		{E200DBD4-52B5-47B5-BD61-CA6282BB8215}.Release|x64.Build.0 = Release|Any CPU
		{E200DBD4-52B5-47B5-BD61-CA6282BB8215}.Release|x86.ActiveCfg = Release|Any CPU
		{E200DBD4-52B5-47B5-BD61-CA6282BB8215}.Release|x86.Build.0 = Release|Any CPU
		{4765813C-13E0-4566-B4B7-EA66DF2AD17A}.Debug|Any CPU.ActiveCfg = Debug|Any CPU
		{4765813C-13E0-4566-B4B7-EA66DF2AD17A}.Debug|Any CPU.Build.0 = Debug|Any CPU
		{4765813C-13E0-4566-B4B7-EA66DF2AD17A}.Debug|x64.ActiveCfg = Debug|Any CPU
		{4765813C-13E0-4566-B4B7-EA66DF2AD17A}.Debug|x64.Build.0 = Debug|Any CPU
		{4765813C-13E0-4566-B4B7-EA66DF2AD17A}.Debug|x86.ActiveCfg = Debug|Any CPU
		{4765813C-13E0-4566-B4B7-EA66DF2AD17A}.Debug|x86.Build.0 = Debug|Any CPU
		{4765813C-13E0-4566-B4B7-EA66DF2AD17A}.Release|Any CPU.ActiveCfg = Release|Any CPU
		{4765813C-13E0-4566-B4B7-EA66DF2AD17A}.Release|Any CPU.Build.0 = Release|Any CPU
		{4765813C-13E0-4566-B4B7-EA66DF2AD17A}.Release|x64.ActiveCfg = Release|Any CPU
		{4765813C-13E0-4566-B4B7-EA66DF2AD17A}.Release|x64.Build.0 = Release|Any CPU
		{4765813C-13E0-4566-B4B7-EA66DF2AD17A}.Release|x86.ActiveCfg = Release|Any CPU
		{4765813C-13E0-4566-B4B7-EA66DF2AD17A}.Release|x86.Build.0 = Release|Any CPU
		{851143AF-1435-482C-8872-B71FAE13DC2C}.Debug|Any CPU.ActiveCfg = Debug|Any CPU
		{851143AF-1435-482C-8872-B71FAE13DC2C}.Debug|Any CPU.Build.0 = Debug|Any CPU
		{851143AF-1435-482C-8872-B71FAE13DC2C}.Debug|x64.ActiveCfg = Debug|Any CPU
		{851143AF-1435-482C-8872-B71FAE13DC2C}.Debug|x64.Build.0 = Debug|Any CPU
		{851143AF-1435-482C-8872-B71FAE13DC2C}.Debug|x86.ActiveCfg = Debug|Any CPU
		{851143AF-1435-482C-8872-B71FAE13DC2C}.Debug|x86.Build.0 = Debug|Any CPU
		{851143AF-1435-482C-8872-B71FAE13DC2C}.Release|Any CPU.ActiveCfg = Release|Any CPU
		{851143AF-1435-482C-8872-B71FAE13DC2C}.Release|Any CPU.Build.0 = Release|Any CPU
		{851143AF-1435-482C-8872-B71FAE13DC2C}.Release|x64.ActiveCfg = Release|Any CPU
		{851143AF-1435-482C-8872-B71FAE13DC2C}.Release|x64.Build.0 = Release|Any CPU
		{851143AF-1435-482C-8872-B71FAE13DC2C}.Release|x86.ActiveCfg = Release|Any CPU
		{851143AF-1435-482C-8872-B71FAE13DC2C}.Release|x86.Build.0 = Release|Any CPU
		{67DD743B-9F2D-45B2-B990-77E0B50D0FE9}.Debug|Any CPU.ActiveCfg = Debug|Any CPU
		{67DD743B-9F2D-45B2-B990-77E0B50D0FE9}.Debug|Any CPU.Build.0 = Debug|Any CPU
		{67DD743B-9F2D-45B2-B990-77E0B50D0FE9}.Debug|x64.ActiveCfg = Debug|Any CPU
		{67DD743B-9F2D-45B2-B990-77E0B50D0FE9}.Debug|x64.Build.0 = Debug|Any CPU
		{67DD743B-9F2D-45B2-B990-77E0B50D0FE9}.Debug|x86.ActiveCfg = Debug|Any CPU
		{67DD743B-9F2D-45B2-B990-77E0B50D0FE9}.Debug|x86.Build.0 = Debug|Any CPU
		{67DD743B-9F2D-45B2-B990-77E0B50D0FE9}.Release|Any CPU.ActiveCfg = Release|Any CPU
		{67DD743B-9F2D-45B2-B990-77E0B50D0FE9}.Release|Any CPU.Build.0 = Release|Any CPU
		{67DD743B-9F2D-45B2-B990-77E0B50D0FE9}.Release|x64.ActiveCfg = Release|Any CPU
		{67DD743B-9F2D-45B2-B990-77E0B50D0FE9}.Release|x64.Build.0 = Release|Any CPU
		{67DD743B-9F2D-45B2-B990-77E0B50D0FE9}.Release|x86.ActiveCfg = Release|Any CPU
		{67DD743B-9F2D-45B2-B990-77E0B50D0FE9}.Release|x86.Build.0 = Release|Any CPU
		{502B9D0F-5FE8-406B-BE21-B410D37B2B2C}.Debug|Any CPU.ActiveCfg = Debug|Any CPU
		{502B9D0F-5FE8-406B-BE21-B410D37B2B2C}.Debug|Any CPU.Build.0 = Debug|Any CPU
		{502B9D0F-5FE8-406B-BE21-B410D37B2B2C}.Debug|x64.ActiveCfg = Debug|Any CPU
		{502B9D0F-5FE8-406B-BE21-B410D37B2B2C}.Debug|x64.Build.0 = Debug|Any CPU
		{502B9D0F-5FE8-406B-BE21-B410D37B2B2C}.Debug|x86.ActiveCfg = Debug|Any CPU
		{502B9D0F-5FE8-406B-BE21-B410D37B2B2C}.Debug|x86.Build.0 = Debug|Any CPU
		{502B9D0F-5FE8-406B-BE21-B410D37B2B2C}.Release|Any CPU.ActiveCfg = Release|Any CPU
		{502B9D0F-5FE8-406B-BE21-B410D37B2B2C}.Release|Any CPU.Build.0 = Release|Any CPU
		{502B9D0F-5FE8-406B-BE21-B410D37B2B2C}.Release|x64.ActiveCfg = Release|Any CPU
		{502B9D0F-5FE8-406B-BE21-B410D37B2B2C}.Release|x64.Build.0 = Release|Any CPU
		{502B9D0F-5FE8-406B-BE21-B410D37B2B2C}.Release|x86.ActiveCfg = Release|Any CPU
		{502B9D0F-5FE8-406B-BE21-B410D37B2B2C}.Release|x86.Build.0 = Release|Any CPU
		{EB7BF087-86CB-475C-B0B4-147E13CBEB81}.Debug|Any CPU.ActiveCfg = Debug|Any CPU
		{EB7BF087-86CB-475C-B0B4-147E13CBEB81}.Debug|Any CPU.Build.0 = Debug|Any CPU
		{EB7BF087-86CB-475C-B0B4-147E13CBEB81}.Debug|x64.ActiveCfg = Debug|Any CPU
		{EB7BF087-86CB-475C-B0B4-147E13CBEB81}.Debug|x64.Build.0 = Debug|Any CPU
		{EB7BF087-86CB-475C-B0B4-147E13CBEB81}.Debug|x86.ActiveCfg = Debug|Any CPU
		{EB7BF087-86CB-475C-B0B4-147E13CBEB81}.Debug|x86.Build.0 = Debug|Any CPU
		{EB7BF087-86CB-475C-B0B4-147E13CBEB81}.Release|Any CPU.ActiveCfg = Release|Any CPU
		{EB7BF087-86CB-475C-B0B4-147E13CBEB81}.Release|Any CPU.Build.0 = Release|Any CPU
		{EB7BF087-86CB-475C-B0B4-147E13CBEB81}.Release|x64.ActiveCfg = Release|Any CPU
		{EB7BF087-86CB-475C-B0B4-147E13CBEB81}.Release|x64.Build.0 = Release|Any CPU
		{EB7BF087-86CB-475C-B0B4-147E13CBEB81}.Release|x86.ActiveCfg = Release|Any CPU
		{EB7BF087-86CB-475C-B0B4-147E13CBEB81}.Release|x86.Build.0 = Release|Any CPU
	EndGlobalSection
EndGlobal
