
Microsoft Visual Studio Solution File, Format Version 12.00
# Visual Studio 15
VisualStudioVersion = 15.0.28307.902
MinimumVisualStudioVersion = 10.0.40219.1
Project("{9A19103F-16F7-4668-BE54-9A1E7A4F7556}") = "EFCoreTest", "EFCoreTest.csproj", "{C9783549-11BC-4177-A138-5FA2AF0F2D0D}"
EndProject
Global
	GlobalSection(SolutionConfigurationPlatforms) = preSolution
		Debug|Any CPU = Debug|Any CPU
		Release|Any CPU = Release|Any CPU
	EndGlobalSection
	GlobalSection(ProjectConfigurationPlatforms) = postSolution
		{C9783549-11BC-4177-A138-5FA2AF0F2D0D}.Debug|Any CPU.ActiveCfg = Debug|Any CPU
		{C9783549-11BC-4177-A138-5FA2AF0F2D0D}.Debug|Any CPU.Build.0 = Debug|Any CPU
		{C9783549-11BC-4177-A138-5FA2AF0F2D0D}.Release|Any CPU.ActiveCfg = Release|Any CPU
		{C9783549-11BC-4177-A138-5FA2AF0F2D0D}.Release|Any CPU.Build.0 = Release|Any CPU
	EndGlobalSection
	GlobalSection(SolutionProperties) = preSolution
		HideSolutionNode = FALSE
	EndGlobalSection
	GlobalSection(ExtensibilityGlobals) = postSolution
		SolutionGuid = {4F10C75F-86CA-401E-8217-5C86E0B36F95}
	EndGlobalSection
EndGlobal
